
Microsoft Visual Studio Solution File, Format Version 12.00
# Visual Studio Version 17
VisualStudioVersion = 17.9.34622.214
MinimumVisualStudioVersion = 10.0.40219.1
Project("{9A19103F-16F7-4668-BE54-9A1E7A4F7556}") = "BallSimulator", "BallSimulator\BallSimulator.csproj", "{1693473F-5303-4CFC-8E42-54394E29E997}"
EndProject
Project("{9A19103F-16F7-4668-BE54-9A1E7A4F7556}") = "Tests", "Tests\Tests.csproj", "{A3CC0421-8079-4C86-B551-FE1736DE1D4A}"
EndProject
Global
	GlobalSection(SolutionConfigurationPlatforms) = preSolution
		Debug|Any CPU = Debug|Any CPU
		Release|Any CPU = Release|Any CPU
	EndGlobalSection
	GlobalSection(ProjectConfigurationPlatforms) = postSolution
		{1693473F-5303-4CFC-8E42-54394E29E997}.Debug|Any CPU.ActiveCfg = Debug|Any CPU
		{1693473F-5303-4CFC-8E42-54394E29E997}.Debug|Any CPU.Build.0 = Debug|Any CPU
		{1693473F-5303-4CFC-8E42-54394E29E997}.Release|Any CPU.ActiveCfg = Release|Any CPU
		{1693473F-5303-4CFC-8E42-54394E29E997}.Release|Any CPU.Build.0 = Release|Any CPU
		{A3CC0421-8079-4C86-B551-FE1736DE1D4A}.Debug|Any CPU.ActiveCfg = Debug|Any CPU
		{A3CC0421-8079-4C86-B551-FE1736DE1D4A}.Debug|Any CPU.Build.0 = Debug|Any CPU
		{A3CC0421-8079-4C86-B551-FE1736DE1D4A}.Release|Any CPU.ActiveCfg = Release|Any CPU
		{A3CC0421-8079-4C86-B551-FE1736DE1D4A}.Release|Any CPU.Build.0 = Release|Any CPU
	EndGlobalSection
	GlobalSection(SolutionProperties) = preSolution
		HideSolutionNode = FALSE
	EndGlobalSection
	GlobalSection(ExtensibilityGlobals) = postSolution
		SolutionGuid = {95767AB7-2564-49CE-A246-49E2955981FF}
	EndGlobalSection
EndGlobal
